
Microsoft Visual Studio Solution File, Format Version 12.00
# Visual Studio Version 17
VisualStudioVersion = 17.14.36414.22 d17.14
MinimumVisualStudioVersion = 10.0.40219.1
Project("{FAE04EC0-301F-11D3-BF4B-00C04F79EFBC}") = "DrivingSchool", "DrivingSchool\DrivingSchool.csproj", "{E6745B06-8EB8-483A-A908-E2470E042E68}"
EndProject
Global
	GlobalSection(SolutionConfigurationPlatforms) = preSolution
		Debug|Any CPU = Debug|Any CPU
		Release|Any CPU = Release|Any CPU
	EndGlobalSection
	GlobalSection(ProjectConfigurationPlatforms) = postSolution
		{E6745B06-8EB8-483A-A908-E2470E042E68}.Debug|Any CPU.ActiveCfg = Debug|Any CPU
		{E6745B06-8EB8-483A-A908-E2470E042E68}.Debug|Any CPU.Build.0 = Debug|Any CPU
		{E6745B06-8EB8-483A-A908-E2470E042E68}.Release|Any CPU.ActiveCfg = Release|Any CPU
		{E6745B06-8EB8-483A-A908-E2470E042E68}.Release|Any CPU.Build.0 = Release|Any CPU
	EndGlobalSection
	GlobalSection(SolutionProperties) = preSolution
		HideSolutionNode = FALSE
	EndGlobalSection
	GlobalSection(ExtensibilityGlobals) = postSolution
		SolutionGuid = {3C3F16F7-5F1F-4BA0-AC6F-19E2694A9A68}
	EndGlobalSection
EndGlobal
